
Microsoft Visual Studio Solution File, Format Version 12.00
# Visual Studio Version 17
VisualStudioVersion = 17.4.33403.182
MinimumVisualStudioVersion = 10.0.40219.1
Project("{FAE04EC0-301F-11D3-BF4B-00C04F79EFBC}") = "TareaInfo.Android", "TareaInfo.Android\TareaInfo.Android.csproj", "{232E26BF-176F-48F6-9A6C-6C0EEF1A7888}"
EndProject
Project("{FAE04EC0-301F-11D3-BF4B-00C04F79EFBC}") = "TareaInfo", "TareaInfo\TareaInfo.csproj", "{55EE55F8-71DA-4B87-A020-C48730844F13}"
EndProject
Global
	GlobalSection(SolutionConfigurationPlatforms) = preSolution
		Debug|Any CPU = Debug|Any CPU
		Release|Any CPU = Release|Any CPU
	EndGlobalSection
	GlobalSection(ProjectConfigurationPlatforms) = postSolution
		{232E26BF-176F-48F6-9A6C-6C0EEF1A7888}.Debug|Any CPU.ActiveCfg = Debug|Any CPU
		{232E26BF-176F-48F6-9A6C-6C0EEF1A7888}.Debug|Any CPU.Build.0 = Debug|Any CPU
		{232E26BF-176F-48F6-9A6C-6C0EEF1A7888}.Debug|Any CPU.Deploy.0 = Debug|Any CPU
		{232E26BF-176F-48F6-9A6C-6C0EEF1A7888}.Release|Any CPU.ActiveCfg = Release|Any CPU
		{232E26BF-176F-48F6-9A6C-6C0EEF1A7888}.Release|Any CPU.Build.0 = Release|Any CPU
		{232E26BF-176F-48F6-9A6C-6C0EEF1A7888}.Release|Any CPU.Deploy.0 = Release|Any CPU
		{55EE55F8-71DA-4B87-A020-C48730844F13}.Debug|Any CPU.ActiveCfg = Debug|Any CPU
		{55EE55F8-71DA-4B87-A020-C48730844F13}.Debug|Any CPU.Build.0 = Debug|Any CPU
		{55EE55F8-71DA-4B87-A020-C48730844F13}.Debug|Any CPU.Deploy.0 = Debug|Any CPU
		{55EE55F8-71DA-4B87-A020-C48730844F13}.Release|Any CPU.ActiveCfg = Release|Any CPU
		{55EE55F8-71DA-4B87-A020-C48730844F13}.Release|Any CPU.Build.0 = Release|Any CPU
		{55EE55F8-71DA-4B87-A020-C48730844F13}.Release|Any CPU.Deploy.0 = Release|Any CPU
	EndGlobalSection
	GlobalSection(SolutionProperties) = preSolution
		HideSolutionNode = FALSE
	EndGlobalSection
	GlobalSection(ExtensibilityGlobals) = postSolution
		SolutionGuid = {BED2B546-B0EC-4450-8CFD-1F6581BF6335}
	EndGlobalSection
EndGlobal
